
Microsoft Visual Studio Solution File, Format Version 12.00
# Visual Studio Version 17
VisualStudioVersion = 17.7.34031.279
MinimumVisualStudioVersion = 10.0.40219.1
Project("{FAE04EC0-301F-11D3-BF4B-00C04F79EFBC}") = "IBCLProject", "IBCLProject\IBCLProject.csproj", "{5BE3F667-D116-4F14-93B7-5E4C6AEA0799}"
EndProject
Project("{2150E333-8FDC-42A3-9474-1A3956D46DE8}") = "Entity", "Entity", "{1F6BC71C-E75A-4ACE-8DF3-6EC1FAD72DA4}"
EndProject
Project("{2150E333-8FDC-42A3-9474-1A3956D46DE8}") = "Repository", "Repository", "{754B8F6B-72A7-46C7-B936-8075167F8A28}"
EndProject
Global
	GlobalSection(SolutionConfigurationPlatforms) = preSolution
		Debug|Any CPU = Debug|Any CPU
		Release|Any CPU = Release|Any CPU
	EndGlobalSection
	GlobalSection(ProjectConfigurationPlatforms) = postSolution
		{5BE3F667-D116-4F14-93B7-5E4C6AEA0799}.Debug|Any CPU.ActiveCfg = Debug|Any CPU
		{5BE3F667-D116-4F14-93B7-5E4C6AEA0799}.Debug|Any CPU.Build.0 = Debug|Any CPU
		{5BE3F667-D116-4F14-93B7-5E4C6AEA0799}.Release|Any CPU.ActiveCfg = Release|Any CPU
		{5BE3F667-D116-4F14-93B7-5E4C6AEA0799}.Release|Any CPU.Build.0 = Release|Any CPU
	EndGlobalSection
	GlobalSection(SolutionProperties) = preSolution
		HideSolutionNode = FALSE
	EndGlobalSection
	GlobalSection(ExtensibilityGlobals) = postSolution
		SolutionGuid = {40716A3E-D2E7-4C7A-9FBC-810F962BF535}
	EndGlobalSection
EndGlobal
